
Microsoft Visual Studio Solution File, Format Version 12.00
# Visual Studio Version 16
VisualStudioVersion = 16.0.32126.315
MinimumVisualStudioVersion = 10.0.40219.1
Project("{FAE04EC0-301F-11D3-BF4B-00C04F79EFBC}") = "YemekSepeti", "YemekSepeti\YemekSepeti.csproj", "{3D852760-D727-4A16-B96F-67B2E89E7DA5}"
EndProject
Global
	GlobalSection(SolutionConfigurationPlatforms) = preSolution
		Debug|Any CPU = Debug|Any CPU
		Release|Any CPU = Release|Any CPU
	EndGlobalSection
	GlobalSection(ProjectConfigurationPlatforms) = postSolution
		{3D852760-D727-4A16-B96F-67B2E89E7DA5}.Debug|Any CPU.ActiveCfg = Debug|Any CPU
		{3D852760-D727-4A16-B96F-67B2E89E7DA5}.Debug|Any CPU.Build.0 = Debug|Any CPU
		{3D852760-D727-4A16-B96F-67B2E89E7DA5}.Release|Any CPU.ActiveCfg = Release|Any CPU
		{3D852760-D727-4A16-B96F-67B2E89E7DA5}.Release|Any CPU.Build.0 = Release|Any CPU
	EndGlobalSection
	GlobalSection(SolutionProperties) = preSolution
		HideSolutionNode = FALSE
	EndGlobalSection
	GlobalSection(ExtensibilityGlobals) = postSolution
		SolutionGuid = {439B623E-1331-43A6-B88F-B08C113B749C}
	EndGlobalSection
EndGlobal
